// !$*UTF8*$!
{
	archiveVersion = 1;
	classes = {
	};
	objectVersion = 56;
	objects = {

/* Begin PBXBuildFile section */
		D203697C28D2545B008BB21E /* NetworkModel.swift in Sources */ = {isa = PBXBuildFile; fileRef = D203697B28D2545B008BB21E /* NetworkModel.swift */; };
		D23E747E28D8F4FE00256DB3 /* LoginViewModelTest.swift in Sources */ = {isa = PBXBuildFile; fileRef = D23E747D28D8F4FE00256DB3 /* LoginViewModelTest.swift */; };
		D23E748028D8F51900256DB3 /* NetworkModelSpy.swift in Sources */ = {isa = PBXBuildFile; fileRef = D23E747F28D8F51900256DB3 /* NetworkModelSpy.swift */; };
		D23EAF1628D0FC4200AA19CA /* AppDelegate.swift in Sources */ = {isa = PBXBuildFile; fileRef = D23EAF1528D0FC4200AA19CA /* AppDelegate.swift */; };
		D23EAF1828D0FC4200AA19CA /* SceneDelegate.swift in Sources */ = {isa = PBXBuildFile; fileRef = D23EAF1728D0FC4200AA19CA /* SceneDelegate.swift */; };
		D23EAF1A28D0FC4200AA19CA /* LoginViewController.swift in Sources */ = {isa = PBXBuildFile; fileRef = D23EAF1928D0FC4200AA19CA /* LoginViewController.swift */; };
		D23EAF1D28D0FC4200AA19CA /* Login.storyboard in Resources */ = {isa = PBXBuildFile; fileRef = D23EAF1B28D0FC4200AA19CA /* Login.storyboard */; };
		D23EAF2028D0FC4200AA19CA /* IOSAvanzado.xcdatamodeld in Sources */ = {isa = PBXBuildFile; fileRef = D23EAF1E28D0FC4200AA19CA /* IOSAvanzado.xcdatamodeld */; };
		D23EAF2228D0FC4300AA19CA /* Assets.xcassets in Resources */ = {isa = PBXBuildFile; fileRef = D23EAF2128D0FC4300AA19CA /* Assets.xcassets */; };
		D23EAF2528D0FC4300AA19CA /* LaunchScreen.storyboard in Resources */ = {isa = PBXBuildFile; fileRef = D23EAF2328D0FC4300AA19CA /* LaunchScreen.storyboard */; };
		D23EAF4C28D1083E00AA19CA /* LoginViewModel.swift in Sources */ = {isa = PBXBuildFile; fileRef = D23EAF4B28D1083E00AA19CA /* LoginViewModel.swift */; };
		D23EAF4F28D1093A00AA19CA /* UIViewControllerExtension.swift in Sources */ = {isa = PBXBuildFile; fileRef = D23EAF4E28D1093A00AA19CA /* UIViewControllerExtension.swift */; };
		D264885F28D3A9D400CA0675 /* HeroServices.swift in Sources */ = {isa = PBXBuildFile; fileRef = D264885E28D3A9D400CA0675 /* HeroServices.swift */; };
		D264886128D3A9D900CA0675 /* HeroCoordenates.swift in Sources */ = {isa = PBXBuildFile; fileRef = D264886028D3A9D900CA0675 /* HeroCoordenates.swift */; };
		D2980D6A28D671220014E603 /* Home.storyboard in Resources */ = {isa = PBXBuildFile; fileRef = D2980D6928D671220014E603 /* Home.storyboard */; };
		D2980D6C28D6713F0014E603 /* HomeViewController.swift in Sources */ = {isa = PBXBuildFile; fileRef = D2980D6B28D6713F0014E603 /* HomeViewController.swift */; };
		D2980D6E28D682450014E603 /* HomeViewModel.swift in Sources */ = {isa = PBXBuildFile; fileRef = D2980D6D28D682450014E603 /* HomeViewModel.swift */; };
		D2C9FC5328D5EF6500FCB1CE /* CoreDataManager.swift in Sources */ = {isa = PBXBuildFile; fileRef = D2C9FC5228D5EF6500FCB1CE /* CoreDataManager.swift */; };
		D2D2876228DA456C007533FC /* NetworkModelTests.swift in Sources */ = {isa = PBXBuildFile; fileRef = D2D2876128DA456C007533FC /* NetworkModelTests.swift */; };
		D2D2876428DA45AD007533FC /* URLSessionMock.swift in Sources */ = {isa = PBXBuildFile; fileRef = D2D2876328DA45AD007533FC /* URLSessionMock.swift */; };
		D2D9910728DF258D00BC4DEC /* KeychainSwift in Frameworks */ = {isa = PBXBuildFile; productRef = D2D9910628DF258D00BC4DEC /* KeychainSwift */; };
		D2D9910E28DF6FC700BC4DEC /* LocalDataModel.swift in Sources */ = {isa = PBXBuildFile; fileRef = D2D9910D28DF6FC700BC4DEC /* LocalDataModel.swift */; };
		D2D9912328DF735900BC4DEC /* CDHero+CoreDataClass.swift in Sources */ = {isa = PBXBuildFile; fileRef = D2D9912128DF735900BC4DEC /* CDHero+CoreDataClass.swift */; };
		D2DC116B28E0631E00AE86E2 /* heroes.json in Resources */ = {isa = PBXBuildFile; fileRef = D2DC116928E0631E00AE86E2 /* heroes.json */; };
		D2DC116C28E0631E00AE86E2 /* noHeroes.json in Resources */ = {isa = PBXBuildFile; fileRef = D2DC116A28E0631E00AE86E2 /* noHeroes.json */; };
		D2DC116E28E065A600AE86E2 /* locations.json in Resources */ = {isa = PBXBuildFile; fileRef = D2DC116D28E065A600AE86E2 /* locations.json */; };
		D2DC117028E0687200AE86E2 /* LocalDataModelTests.swift in Sources */ = {isa = PBXBuildFile; fileRef = D2DC116F28E0687200AE86E2 /* LocalDataModelTests.swift */; };
		D2E5816128D7ABFD00605C6D /* HomeCellModel.swift in Sources */ = {isa = PBXBuildFile; fileRef = D2E5816028D7ABFD00605C6D /* HomeCellModel.swift */; };
		D2E5816328D7CF5E00605C6D /* CellView.swift in Sources */ = {isa = PBXBuildFile; fileRef = D2E5816228D7CF5E00605C6D /* CellView.swift */; };
		D2E5816628D7D24D00605C6D /* UIImageViewExtension.swift in Sources */ = {isa = PBXBuildFile; fileRef = D2E5816528D7D24D00605C6D /* UIImageViewExtension.swift */; };
		D2EED4CD28DFC0CF001A3BD7 /* CDHero+CoreDataProperties.swift in Sources */ = {isa = PBXBuildFile; fileRef = D2EED4CA28DFC0CF001A3BD7 /* CDHero+CoreDataProperties.swift */; };
		D2EED4CE28DFC0CF001A3BD7 /* CDLocation+CoreDataClass.swift in Sources */ = {isa = PBXBuildFile; fileRef = D2EED4CB28DFC0CF001A3BD7 /* CDLocation+CoreDataClass.swift */; };
		D2EED4CF28DFC0CF001A3BD7 /* CDLocation+CoreDataProperties.swift in Sources */ = {isa = PBXBuildFile; fileRef = D2EED4CC28DFC0CF001A3BD7 /* CDLocation+CoreDataProperties.swift */; };
/* End PBXBuildFile section */

/* Begin PBXContainerItemProxy section */
		D23EAF2C28D0FC4300AA19CA /* PBXContainerItemProxy */ = {
			isa = PBXContainerItemProxy;
			containerPortal = D23EAF0A28D0FC4200AA19CA /* Project object */;
			proxyType = 1;
			remoteGlobalIDString = D23EAF1128D0FC4200AA19CA;
			remoteInfo = IOSAvanzado;
		};
/* End PBXContainerItemProxy section */

/* Begin PBXFileReference section */
		D203697B28D2545B008BB21E /* NetworkModel.swift */ = {isa = PBXFileReference; fileEncoding = 4; lastKnownFileType = sourcecode.swift; path = NetworkModel.swift; sourceTree = "<group>"; };
		D23E747D28D8F4FE00256DB3 /* LoginViewModelTest.swift */ = {isa = PBXFileReference; lastKnownFileType = sourcecode.swift; path = LoginViewModelTest.swift; sourceTree = "<group>"; };
		D23E747F28D8F51900256DB3 /* NetworkModelSpy.swift */ = {isa = PBXFileReference; fileEncoding = 4; lastKnownFileType = sourcecode.swift; path = NetworkModelSpy.swift; sourceTree = "<group>"; };
		D23EAF1228D0FC4200AA19CA /* IOSAvanzado.app */ = {isa = PBXFileReference; explicitFileType = wrapper.application; includeInIndex = 0; path = IOSAvanzado.app; sourceTree = BUILT_PRODUCTS_DIR; };
		D23EAF1528D0FC4200AA19CA /* AppDelegate.swift */ = {isa = PBXFileReference; lastKnownFileType = sourcecode.swift; path = AppDelegate.swift; sourceTree = "<group>"; };
		D23EAF1728D0FC4200AA19CA /* SceneDelegate.swift */ = {isa = PBXFileReference; lastKnownFileType = sourcecode.swift; path = SceneDelegate.swift; sourceTree = "<group>"; };
		D23EAF1928D0FC4200AA19CA /* LoginViewController.swift */ = {isa = PBXFileReference; lastKnownFileType = sourcecode.swift; path = LoginViewController.swift; sourceTree = "<group>"; };
		D23EAF1C28D0FC4200AA19CA /* Base */ = {isa = PBXFileReference; lastKnownFileType = file.storyboard; name = Base; path = Base.lproj/Login.storyboard; sourceTree = "<group>"; };
		D23EAF1F28D0FC4200AA19CA /* IOSAvanzado.xcdatamodel */ = {isa = PBXFileReference; lastKnownFileType = wrapper.xcdatamodel; path = IOSAvanzado.xcdatamodel; sourceTree = "<group>"; };
		D23EAF2128D0FC4300AA19CA /* Assets.xcassets */ = {isa = PBXFileReference; lastKnownFileType = folder.assetcatalog; path = Assets.xcassets; sourceTree = "<group>"; };
		D23EAF2428D0FC4300AA19CA /* Base */ = {isa = PBXFileReference; lastKnownFileType = file.storyboard; name = Base; path = Base.lproj/LaunchScreen.storyboard; sourceTree = "<group>"; };
		D23EAF2628D0FC4300AA19CA /* Info.plist */ = {isa = PBXFileReference; lastKnownFileType = text.plist.xml; path = Info.plist; sourceTree = "<group>"; };
		D23EAF2B28D0FC4300AA19CA /* IOSAvanzadoTests.xctest */ = {isa = PBXFileReference; explicitFileType = wrapper.cfbundle; includeInIndex = 0; path = IOSAvanzadoTests.xctest; sourceTree = BUILT_PRODUCTS_DIR; };
		D23EAF4B28D1083E00AA19CA /* LoginViewModel.swift */ = {isa = PBXFileReference; lastKnownFileType = sourcecode.swift; path = LoginViewModel.swift; sourceTree = "<group>"; };
		D23EAF4E28D1093A00AA19CA /* UIViewControllerExtension.swift */ = {isa = PBXFileReference; fileEncoding = 4; lastKnownFileType = sourcecode.swift; path = UIViewControllerExtension.swift; sourceTree = "<group>"; };
		D264885E28D3A9D400CA0675 /* HeroServices.swift */ = {isa = PBXFileReference; fileEncoding = 4; lastKnownFileType = sourcecode.swift; path = HeroServices.swift; sourceTree = "<group>"; };
		D264886028D3A9D900CA0675 /* HeroCoordenates.swift */ = {isa = PBXFileReference; fileEncoding = 4; lastKnownFileType = sourcecode.swift; path = HeroCoordenates.swift; sourceTree = "<group>"; };
		D2980D6928D671220014E603 /* Home.storyboard */ = {isa = PBXFileReference; lastKnownFileType = file.storyboard; path = Home.storyboard; sourceTree = "<group>"; };
		D2980D6B28D6713F0014E603 /* HomeViewController.swift */ = {isa = PBXFileReference; lastKnownFileType = sourcecode.swift; path = HomeViewController.swift; sourceTree = "<group>"; };
		D2980D6D28D682450014E603 /* HomeViewModel.swift */ = {isa = PBXFileReference; lastKnownFileType = sourcecode.swift; path = HomeViewModel.swift; sourceTree = "<group>"; };
		D2C9FC5228D5EF6500FCB1CE /* CoreDataManager.swift */ = {isa = PBXFileReference; fileEncoding = 4; lastKnownFileType = sourcecode.swift; path = CoreDataManager.swift; sourceTree = "<group>"; };
		D2D2876128DA456C007533FC /* NetworkModelTests.swift */ = {isa = PBXFileReference; lastKnownFileType = sourcecode.swift; path = NetworkModelTests.swift; sourceTree = "<group>"; };
		D2D2876328DA45AD007533FC /* URLSessionMock.swift */ = {isa = PBXFileReference; fileEncoding = 4; lastKnownFileType = sourcecode.swift; path = URLSessionMock.swift; sourceTree = "<group>"; };
		D2D9910D28DF6FC700BC4DEC /* LocalDataModel.swift */ = {isa = PBXFileReference; fileEncoding = 4; lastKnownFileType = sourcecode.swift; path = LocalDataModel.swift; sourceTree = "<group>"; };
		D2D9912128DF735900BC4DEC /* CDHero+CoreDataClass.swift */ = {isa = PBXFileReference; lastKnownFileType = sourcecode.swift; path = "CDHero+CoreDataClass.swift"; sourceTree = "<group>"; };
		D2DC116928E0631E00AE86E2 /* heroes.json */ = {isa = PBXFileReference; fileEncoding = 4; lastKnownFileType = text.json; path = heroes.json; sourceTree = "<group>"; };
		D2DC116A28E0631E00AE86E2 /* noHeroes.json */ = {isa = PBXFileReference; fileEncoding = 4; lastKnownFileType = text.json; path = noHeroes.json; sourceTree = "<group>"; };
		D2DC116D28E065A600AE86E2 /* locations.json */ = {isa = PBXFileReference; lastKnownFileType = text.json; path = locations.json; sourceTree = "<group>"; };
		D2DC116F28E0687200AE86E2 /* LocalDataModelTests.swift */ = {isa = PBXFileReference; fileEncoding = 4; lastKnownFileType = sourcecode.swift; path = LocalDataModelTests.swift; sourceTree = "<group>"; };
		D2E5816028D7ABFD00605C6D /* HomeCellModel.swift */ = {isa = PBXFileReference; fileEncoding = 4; lastKnownFileType = sourcecode.swift; path = HomeCellModel.swift; sourceTree = "<group>"; };
		D2E5816228D7CF5E00605C6D /* CellView.swift */ = {isa = PBXFileReference; lastKnownFileType = sourcecode.swift; path = CellView.swift; sourceTree = "<group>"; };
		D2E5816528D7D24D00605C6D /* UIImageViewExtension.swift */ = {isa = PBXFileReference; fileEncoding = 4; lastKnownFileType = sourcecode.swift; path = UIImageViewExtension.swift; sourceTree = "<group>"; };
		D2EED4CA28DFC0CF001A3BD7 /* CDHero+CoreDataProperties.swift */ = {isa = PBXFileReference; lastKnownFileType = sourcecode.swift; name = "CDHero+CoreDataProperties.swift"; path = "../../../CDHero+CoreDataProperties.swift"; sourceTree = "<group>"; };
		D2EED4CB28DFC0CF001A3BD7 /* CDLocation+CoreDataClass.swift */ = {isa = PBXFileReference; lastKnownFileType = sourcecode.swift; path = "CDLocation+CoreDataClass.swift"; sourceTree = "<group>"; };
		D2EED4CC28DFC0CF001A3BD7 /* CDLocation+CoreDataProperties.swift */ = {isa = PBXFileReference; lastKnownFileType = sourcecode.swift; path = "CDLocation+CoreDataProperties.swift"; sourceTree = "<group>"; };
/* End PBXFileReference section */

/* Begin PBXFrameworksBuildPhase section */
		D23EAF0F28D0FC4200AA19CA /* Frameworks */ = {
			isa = PBXFrameworksBuildPhase;
			buildActionMask = 2147483647;
			files = (
				D2D9910728DF258D00BC4DEC /* KeychainSwift in Frameworks */,
			);
			runOnlyForDeploymentPostprocessing = 0;
		};
		D23EAF2828D0FC4300AA19CA /* Frameworks */ = {
			isa = PBXFrameworksBuildPhase;
			buildActionMask = 2147483647;
			files = (
			);
			runOnlyForDeploymentPostprocessing = 0;
		};
/* End PBXFrameworksBuildPhase section */

/* Begin PBXGroup section */
		D23EAF0928D0FC4200AA19CA = {
			isa = PBXGroup;
			children = (
				D23EAF1428D0FC4200AA19CA /* IOSAvanzado */,
				D23EAF2E28D0FC4300AA19CA /* IOSAvanzadoTests */,
				D23EAF1328D0FC4200AA19CA /* Products */,
			);
			sourceTree = "<group>";
		};
		D23EAF1328D0FC4200AA19CA /* Products */ = {
			isa = PBXGroup;
			children = (
				D23EAF1228D0FC4200AA19CA /* IOSAvanzado.app */,
				D23EAF2B28D0FC4300AA19CA /* IOSAvanzadoTests.xctest */,
			);
			name = Products;
			sourceTree = "<group>";
		};
		D23EAF1428D0FC4200AA19CA /* IOSAvanzado */ = {
			isa = PBXGroup;
			children = (
				D23EAF1528D0FC4200AA19CA /* AppDelegate.swift */,
				D23EAF1728D0FC4200AA19CA /* SceneDelegate.swift */,
				D264885D28D3A9BC00CA0675 /* Models */,
				D23EAF4928D1080600AA19CA /* Resources */,
				D2980D6228D6701E0014E603 /* UI */,
				D23EAF4D28D108F600AA19CA /* Extensions */,
				D23EAF2628D0FC4300AA19CA /* Info.plist */,
			);
			path = IOSAvanzado;
			sourceTree = "<group>";
		};
		D23EAF2E28D0FC4300AA19CA /* IOSAvanzadoTests */ = {
			isa = PBXGroup;
			children = (
				D2DC116928E0631E00AE86E2 /* heroes.json */,
				D2DC116A28E0631E00AE86E2 /* noHeroes.json */,
				D2DC116D28E065A600AE86E2 /* locations.json */,
				D2DC116F28E0687200AE86E2 /* LocalDataModelTests.swift */,
				D23E747D28D8F4FE00256DB3 /* LoginViewModelTest.swift */,
				D23E747F28D8F51900256DB3 /* NetworkModelSpy.swift */,
				D2D2876128DA456C007533FC /* NetworkModelTests.swift */,
				D2D2876328DA45AD007533FC /* URLSessionMock.swift */,
			);
			path = IOSAvanzadoTests;
			sourceTree = "<group>";
		};
		D23EAF4828D107E400AA19CA /* Controllers */ = {
			isa = PBXGroup;
			children = (
				D23EAF1928D0FC4200AA19CA /* LoginViewController.swift */,
			);
			path = Controllers;
			sourceTree = "<group>";
		};
		D23EAF4928D1080600AA19CA /* Resources */ = {
			isa = PBXGroup;
			children = (
				D23EAF2328D0FC4300AA19CA /* LaunchScreen.storyboard */,
				D23EAF2128D0FC4300AA19CA /* Assets.xcassets */,
			);
			path = Resources;
			sourceTree = "<group>";
		};
		D23EAF4A28D1082200AA19CA /* ViewModels */ = {
			isa = PBXGroup;
			children = (
				D23EAF4B28D1083E00AA19CA /* LoginViewModel.swift */,
			);
			path = ViewModels;
			sourceTree = "<group>";
		};
		D23EAF4D28D108F600AA19CA /* Extensions */ = {
			isa = PBXGroup;
			children = (
				D2E5816528D7D24D00605C6D /* UIImageViewExtension.swift */,
				D23EAF4E28D1093A00AA19CA /* UIViewControllerExtension.swift */,
			);
			path = Extensions;
			sourceTree = "<group>";
		};
		D264885D28D3A9BC00CA0675 /* Models */ = {
			isa = PBXGroup;
			children = (
				D2D9910C28DF6DDA00BC4DEC /* CoreData */,
				D264885E28D3A9D400CA0675 /* HeroServices.swift */,
				D2D9910D28DF6FC700BC4DEC /* LocalDataModel.swift */,
				D203697B28D2545B008BB21E /* NetworkModel.swift */,
				D264886028D3A9D900CA0675 /* HeroCoordenates.swift */,
				D23EAF1E28D0FC4200AA19CA /* IOSAvanzado.xcdatamodeld */,
			);
			path = Models;
			sourceTree = "<group>";
		};
		D2980D6228D6701E0014E603 /* UI */ = {
			isa = PBXGroup;
			children = (
				D2980D6328D6703F0014E603 /* Login */,
				D2980D6528D670BC0014E603 /* Home */,
			);
			path = UI;
			sourceTree = "<group>";
		};
		D2980D6328D6703F0014E603 /* Login */ = {
			isa = PBXGroup;
			children = (
				D2980D6428D6705B0014E603 /* Views */,
				D23EAF4828D107E400AA19CA /* Controllers */,
				D23EAF4A28D1082200AA19CA /* ViewModels */,
			);
			path = Login;
			sourceTree = "<group>";
		};
		D2980D6428D6705B0014E603 /* Views */ = {
			isa = PBXGroup;
			children = (
				D23EAF1B28D0FC4200AA19CA /* Login.storyboard */,
			);
			path = Views;
			sourceTree = "<group>";
		};
		D2980D6528D670BC0014E603 /* Home */ = {
			isa = PBXGroup;
			children = (
				D2980D6628D670D70014E603 /* Views */,
				D2980D6728D670DC0014E603 /* Controllers */,
				D2980D6828D670E60014E603 /* ViewModels */,
				D2E5815F28D7ABEB00605C6D /* Models */,
			);
			path = Home;
			sourceTree = "<group>";
		};
		D2980D6628D670D70014E603 /* Views */ = {
			isa = PBXGroup;
			children = (
				D2980D6928D671220014E603 /* Home.storyboard */,
			);
			path = Views;
			sourceTree = "<group>";
		};
		D2980D6728D670DC0014E603 /* Controllers */ = {
			isa = PBXGroup;
			children = (
				D2980D6B28D6713F0014E603 /* HomeViewController.swift */,
				D2E5816228D7CF5E00605C6D /* CellView.swift */,
			);
			path = Controllers;
			sourceTree = "<group>";
		};
		D2980D6828D670E60014E603 /* ViewModels */ = {
			isa = PBXGroup;
			children = (
				D2980D6D28D682450014E603 /* HomeViewModel.swift */,
			);
			path = ViewModels;
			sourceTree = "<group>";
		};
		D2D9910C28DF6DDA00BC4DEC /* CoreData */ = {
			isa = PBXGroup;
			children = (
				D2D9912128DF735900BC4DEC /* CDHero+CoreDataClass.swift */,
				D2EED4CA28DFC0CF001A3BD7 /* CDHero+CoreDataProperties.swift */,
				D2EED4CB28DFC0CF001A3BD7 /* CDLocation+CoreDataClass.swift */,
				D2EED4CC28DFC0CF001A3BD7 /* CDLocation+CoreDataProperties.swift */,
				D2C9FC5228D5EF6500FCB1CE /* CoreDataManager.swift */,
			);
			path = CoreData;
			sourceTree = "<group>";
		};
		D2E5815F28D7ABEB00605C6D /* Models */ = {
			isa = PBXGroup;
			children = (
				D2E5816028D7ABFD00605C6D /* HomeCellModel.swift */,
			);
			path = Models;
			sourceTree = "<group>";
		};
/* End PBXGroup section */

/* Begin PBXNativeTarget section */
		D23EAF1128D0FC4200AA19CA /* IOSAvanzado */ = {
			isa = PBXNativeTarget;
			buildConfigurationList = D23EAF3F28D0FC4300AA19CA /* Build configuration list for PBXNativeTarget "IOSAvanzado" */;
			buildPhases = (
				D23EAF0E28D0FC4200AA19CA /* Sources */,
				D23EAF0F28D0FC4200AA19CA /* Frameworks */,
				D23EAF1028D0FC4200AA19CA /* Resources */,
			);
			buildRules = (
			);
			dependencies = (
			);
			name = IOSAvanzado;
			packageProductDependencies = (
				D2D9910628DF258D00BC4DEC /* KeychainSwift */,
			);
			productName = IOSAvanzado;
			productReference = D23EAF1228D0FC4200AA19CA /* IOSAvanzado.app */;
			productType = "com.apple.product-type.application";
		};
		D23EAF2A28D0FC4300AA19CA /* IOSAvanzadoTests */ = {
			isa = PBXNativeTarget;
			buildConfigurationList = D23EAF4228D0FC4300AA19CA /* Build configuration list for PBXNativeTarget "IOSAvanzadoTests" */;
			buildPhases = (
				D23EAF2728D0FC4300AA19CA /* Sources */,
				D23EAF2828D0FC4300AA19CA /* Frameworks */,
				D23EAF2928D0FC4300AA19CA /* Resources */,
			);
			buildRules = (
			);
			dependencies = (
				D23EAF2D28D0FC4300AA19CA /* PBXTargetDependency */,
			);
			name = IOSAvanzadoTests;
			productName = IOSAvanzadoTests;
			productReference = D23EAF2B28D0FC4300AA19CA /* IOSAvanzadoTests.xctest */;
			productType = "com.apple.product-type.bundle.unit-test";
		};
/* End PBXNativeTarget section */

/* Begin PBXProject section */
		D23EAF0A28D0FC4200AA19CA /* Project object */ = {
			isa = PBXProject;
			attributes = {
				BuildIndependentTargetsInParallel = 1;
				LastSwiftUpdateCheck = 1400;
				LastUpgradeCheck = 1400;
				TargetAttributes = {
					D23EAF1128D0FC4200AA19CA = {
						CreatedOnToolsVersion = 14.0;
					};
					D23EAF2A28D0FC4300AA19CA = {
						CreatedOnToolsVersion = 14.0;
						TestTargetID = D23EAF1128D0FC4200AA19CA;
					};
				};
			};
			buildConfigurationList = D23EAF0D28D0FC4200AA19CA /* Build configuration list for PBXProject "IOSAvanzado" */;
			compatibilityVersion = "Xcode 14.0";
			developmentRegion = en;
			hasScannedForEncodings = 0;
			knownRegions = (
				en,
				Base,
			);
			mainGroup = D23EAF0928D0FC4200AA19CA;
			packageReferences = (
				D2D9910528DF258D00BC4DEC /* XCRemoteSwiftPackageReference "keychain-swift" */,
			);
			productRefGroup = D23EAF1328D0FC4200AA19CA /* Products */;
			projectDirPath = "";
			projectRoot = "";
			targets = (
				D23EAF1128D0FC4200AA19CA /* IOSAvanzado */,
				D23EAF2A28D0FC4300AA19CA /* IOSAvanzadoTests */,
			);
		};
/* End PBXProject section */

/* Begin PBXResourcesBuildPhase section */
		D23EAF1028D0FC4200AA19CA /* Resources */ = {
			isa = PBXResourcesBuildPhase;
			buildActionMask = 2147483647;
			files = (
				D23EAF2528D0FC4300AA19CA /* LaunchScreen.storyboard in Resources */,
				D23EAF2228D0FC4300AA19CA /* Assets.xcassets in Resources */,
				D23EAF1D28D0FC4200AA19CA /* Login.storyboard in Resources */,
				D2980D6A28D671220014E603 /* Home.storyboard in Resources */,
			);
			runOnlyForDeploymentPostprocessing = 0;
		};
		D23EAF2928D0FC4300AA19CA /* Resources */ = {
			isa = PBXResourcesBuildPhase;
			buildActionMask = 2147483647;
			files = (
				D2DC116C28E0631E00AE86E2 /* noHeroes.json in Resources */,
				D2DC116E28E065A600AE86E2 /* locations.json in Resources */,
				D2DC116B28E0631E00AE86E2 /* heroes.json in Resources */,
			);
			runOnlyForDeploymentPostprocessing = 0;
		};
/* End PBXResourcesBuildPhase section */

/* Begin PBXSourcesBuildPhase section */
		D23EAF0E28D0FC4200AA19CA /* Sources */ = {
			isa = PBXSourcesBuildPhase;
			buildActionMask = 2147483647;
			files = (
				D2D9910E28DF6FC700BC4DEC /* LocalDataModel.swift in Sources */,
				D203697C28D2545B008BB21E /* NetworkModel.swift in Sources */,
				D2EED4CF28DFC0CF001A3BD7 /* CDLocation+CoreDataProperties.swift in Sources */,
				D2D9912328DF735900BC4DEC /* CDHero+CoreDataClass.swift in Sources */,
				D264886128D3A9D900CA0675 /* HeroCoordenates.swift in Sources */,
				D23EAF1A28D0FC4200AA19CA /* LoginViewController.swift in Sources */,
				D23EAF1628D0FC4200AA19CA /* AppDelegate.swift in Sources */,
				D2E5816128D7ABFD00605C6D /* HomeCellModel.swift in Sources */,
				D23EAF4F28D1093A00AA19CA /* UIViewControllerExtension.swift in Sources */,
				D23EAF1828D0FC4200AA19CA /* SceneDelegate.swift in Sources */,
				D264885F28D3A9D400CA0675 /* HeroServices.swift in Sources */,
				D23EAF4C28D1083E00AA19CA /* LoginViewModel.swift in Sources */,
				D2980D6E28D682450014E603 /* HomeViewModel.swift in Sources */,
				D2E5816328D7CF5E00605C6D /* CellView.swift in Sources */,
				D2EED4CD28DFC0CF001A3BD7 /* CDHero+CoreDataProperties.swift in Sources */,
				D23EAF2028D0FC4200AA19CA /* IOSAvanzado.xcdatamodeld in Sources */,
				D2C9FC5328D5EF6500FCB1CE /* CoreDataManager.swift in Sources */,
				D2EED4CE28DFC0CF001A3BD7 /* CDLocation+CoreDataClass.swift in Sources */,
				D2E5816628D7D24D00605C6D /* UIImageViewExtension.swift in Sources */,
				D2980D6C28D6713F0014E603 /* HomeViewController.swift in Sources */,
			);
			runOnlyForDeploymentPostprocessing = 0;
		};
		D23EAF2728D0FC4300AA19CA /* Sources */ = {
			isa = PBXSourcesBuildPhase;
			buildActionMask = 2147483647;
			files = (
				D2D2876428DA45AD007533FC /* URLSessionMock.swift in Sources */,
				D2D2876228DA456C007533FC /* NetworkModelTests.swift in Sources */,
				D23E747E28D8F4FE00256DB3 /* LoginViewModelTest.swift in Sources */,
				D23E748028D8F51900256DB3 /* NetworkModelSpy.swift in Sources */,
				D2DC117028E0687200AE86E2 /* LocalDataModelTests.swift in Sources */,
			);
			runOnlyForDeploymentPostprocessing = 0;
		};
/* End PBXSourcesBuildPhase section */

/* Begin PBXTargetDependency section */
		D23EAF2D28D0FC4300AA19CA /* PBXTargetDependency */ = {
			isa = PBXTargetDependency;
			target = D23EAF1128D0FC4200AA19CA /* IOSAvanzado */;
			targetProxy = D23EAF2C28D0FC4300AA19CA /* PBXContainerItemProxy */;
		};
/* End PBXTargetDependency section */

/* Begin PBXVariantGroup section */
		D23EAF1B28D0FC4200AA19CA /* Login.storyboard */ = {
			isa = PBXVariantGroup;
			children = (
				D23EAF1C28D0FC4200AA19CA /* Base */,
			);
			name = Login.storyboard;
			sourceTree = "<group>";
		};
		D23EAF2328D0FC4300AA19CA /* LaunchScreen.storyboard */ = {
			isa = PBXVariantGroup;
			children = (
				D23EAF2428D0FC4300AA19CA /* Base */,
			);
			name = LaunchScreen.storyboard;
			sourceTree = "<group>";
		};
/* End PBXVariantGroup section */

/* Begin XCBuildConfiguration section */
		D23EAF3D28D0FC4300AA19CA /* Debug */ = {
			isa = XCBuildConfiguration;
			buildSettings = {
				ALWAYS_SEARCH_USER_PATHS = NO;
				CLANG_ANALYZER_NONNULL = YES;
				CLANG_ANALYZER_NUMBER_OBJECT_CONVERSION = YES_AGGRESSIVE;
				CLANG_CXX_LANGUAGE_STANDARD = "gnu++20";
				CLANG_ENABLE_MODULES = YES;
				CLANG_ENABLE_OBJC_ARC = YES;
				CLANG_ENABLE_OBJC_WEAK = YES;
				CLANG_WARN_BLOCK_CAPTURE_AUTORELEASING = YES;
				CLANG_WARN_BOOL_CONVERSION = YES;
				CLANG_WARN_COMMA = YES;
				CLANG_WARN_CONSTANT_CONVERSION = YES;
				CLANG_WARN_DEPRECATED_OBJC_IMPLEMENTATIONS = YES;
				CLANG_WARN_DIRECT_OBJC_ISA_USAGE = YES_ERROR;
				CLANG_WARN_DOCUMENTATION_COMMENTS = YES;
				CLANG_WARN_EMPTY_BODY = YES;
				CLANG_WARN_ENUM_CONVERSION = YES;
				CLANG_WARN_INFINITE_RECURSION = YES;
				CLANG_WARN_INT_CONVERSION = YES;
				CLANG_WARN_NON_LITERAL_NULL_CONVERSION = YES;
				CLANG_WARN_OBJC_IMPLICIT_RETAIN_SELF = YES;
				CLANG_WARN_OBJC_LITERAL_CONVERSION = YES;
				CLANG_WARN_OBJC_ROOT_CLASS = YES_ERROR;
				CLANG_WARN_QUOTED_INCLUDE_IN_FRAMEWORK_HEADER = YES;
				CLANG_WARN_RANGE_LOOP_ANALYSIS = YES;
				CLANG_WARN_STRICT_PROTOTYPES = YES;
				CLANG_WARN_SUSPICIOUS_MOVE = YES;
				CLANG_WARN_UNGUARDED_AVAILABILITY = YES_AGGRESSIVE;
				CLANG_WARN_UNREACHABLE_CODE = YES;
				CLANG_WARN__DUPLICATE_METHOD_MATCH = YES;
				COPY_PHASE_STRIP = NO;
				DEBUG_INFORMATION_FORMAT = dwarf;
				ENABLE_STRICT_OBJC_MSGSEND = YES;
				ENABLE_TESTABILITY = YES;
				GCC_C_LANGUAGE_STANDARD = gnu11;
				GCC_DYNAMIC_NO_PIC = NO;
				GCC_NO_COMMON_BLOCKS = YES;
				GCC_OPTIMIZATION_LEVEL = 0;
				GCC_PREPROCESSOR_DEFINITIONS = (
					"DEBUG=1",
					"$(inherited)",
				);
				GCC_WARN_64_TO_32_BIT_CONVERSION = YES;
				GCC_WARN_ABOUT_RETURN_TYPE = YES_ERROR;
				GCC_WARN_UNDECLARED_SELECTOR = YES;
				GCC_WARN_UNINITIALIZED_AUTOS = YES_AGGRESSIVE;
				GCC_WARN_UNUSED_FUNCTION = YES;
				GCC_WARN_UNUSED_VARIABLE = YES;
				IPHONEOS_DEPLOYMENT_TARGET = 16.0;
				MTL_ENABLE_DEBUG_INFO = INCLUDE_SOURCE;
				MTL_FAST_MATH = YES;
				ONLY_ACTIVE_ARCH = YES;
				SDKROOT = iphoneos;
				SWIFT_ACTIVE_COMPILATION_CONDITIONS = DEBUG;
				SWIFT_OPTIMIZATION_LEVEL = "-Onone";
			};
			name = Debug;
		};
		D23EAF3E28D0FC4300AA19CA /* Release */ = {
			isa = XCBuildConfiguration;
			buildSettings = {
				ALWAYS_SEARCH_USER_PATHS = NO;
				CLANG_ANALYZER_NONNULL = YES;
				CLANG_ANALYZER_NUMBER_OBJECT_CONVERSION = YES_AGGRESSIVE;
				CLANG_CXX_LANGUAGE_STANDARD = "gnu++20";
				CLANG_ENABLE_MODULES = YES;
				CLANG_ENABLE_OBJC_ARC = YES;
				CLANG_ENABLE_OBJC_WEAK = YES;
				CLANG_WARN_BLOCK_CAPTURE_AUTORELEASING = YES;
				CLANG_WARN_BOOL_CONVERSION = YES;
				CLANG_WARN_COMMA = YES;
				CLANG_WARN_CONSTANT_CONVERSION = YES;
				CLANG_WARN_DEPRECATED_OBJC_IMPLEMENTATIONS = YES;
				CLANG_WARN_DIRECT_OBJC_ISA_USAGE = YES_ERROR;
				CLANG_WARN_DOCUMENTATION_COMMENTS = YES;
				CLANG_WARN_EMPTY_BODY = YES;
				CLANG_WARN_ENUM_CONVERSION = YES;
				CLANG_WARN_INFINITE_RECURSION = YES;
				CLANG_WARN_INT_CONVERSION = YES;
				CLANG_WARN_NON_LITERAL_NULL_CONVERSION = YES;
				CLANG_WARN_OBJC_IMPLICIT_RETAIN_SELF = YES;
				CLANG_WARN_OBJC_LITERAL_CONVERSION = YES;
				CLANG_WARN_OBJC_ROOT_CLASS = YES_ERROR;
				CLANG_WARN_QUOTED_INCLUDE_IN_FRAMEWORK_HEADER = YES;
				CLANG_WARN_RANGE_LOOP_ANALYSIS = YES;
				CLANG_WARN_STRICT_PROTOTYPES = YES;
				CLANG_WARN_SUSPICIOUS_MOVE = YES;
				CLANG_WARN_UNGUARDED_AVAILABILITY = YES_AGGRESSIVE;
				CLANG_WARN_UNREACHABLE_CODE = YES;
				CLANG_WARN__DUPLICATE_METHOD_MATCH = YES;
				COPY_PHASE_STRIP = NO;
				DEBUG_INFORMATION_FORMAT = "dwarf-with-dsym";
				ENABLE_NS_ASSERTIONS = NO;
				ENABLE_STRICT_OBJC_MSGSEND = YES;
				GCC_C_LANGUAGE_STANDARD = gnu11;
				GCC_NO_COMMON_BLOCKS = YES;
				GCC_WARN_64_TO_32_BIT_CONVERSION = YES;
				GCC_WARN_ABOUT_RETURN_TYPE = YES_ERROR;
				GCC_WARN_UNDECLARED_SELECTOR = YES;
				GCC_WARN_UNINITIALIZED_AUTOS = YES_AGGRESSIVE;
				GCC_WARN_UNUSED_FUNCTION = YES;
				GCC_WARN_UNUSED_VARIABLE = YES;
				IPHONEOS_DEPLOYMENT_TARGET = 16.0;
				MTL_ENABLE_DEBUG_INFO = NO;
				MTL_FAST_MATH = YES;
				SDKROOT = iphoneos;
				SWIFT_COMPILATION_MODE = wholemodule;
				SWIFT_OPTIMIZATION_LEVEL = "-O";
				VALIDATE_PRODUCT = YES;
			};
			name = Release;
		};
		D23EAF4028D0FC4300AA19CA /* Debug */ = {
			isa = XCBuildConfiguration;
			buildSettings = {
				ASSETCATALOG_COMPILER_APPICON_NAME = AppIcon;
				ASSETCATALOG_COMPILER_GLOBAL_ACCENT_COLOR_NAME = AccentColor;
				CODE_SIGN_STYLE = Automatic;
				CURRENT_PROJECT_VERSION = 1;
				GENERATE_INFOPLIST_FILE = YES;
				INFOPLIST_FILE = IOSAvanzado/Info.plist;
				INFOPLIST_KEY_UIApplicationSupportsIndirectInputEvents = YES;
				INFOPLIST_KEY_UILaunchStoryboardName = LaunchScreen;
				INFOPLIST_KEY_UIMainStoryboardFile = Login;
				INFOPLIST_KEY_UISupportedInterfaceOrientations_iPad = "UIInterfaceOrientationPortrait UIInterfaceOrientationPortraitUpsideDown UIInterfaceOrientationLandscapeLeft UIInterfaceOrientationLandscapeRight";
				INFOPLIST_KEY_UISupportedInterfaceOrientations_iPhone = "UIInterfaceOrientationPortrait UIInterfaceOrientationLandscapeLeft UIInterfaceOrientationLandscapeRight";
				LD_RUNPATH_SEARCH_PATHS = (
					"$(inherited)",
					"@executable_path/Frameworks",
				);
				MARKETING_VERSION = 1.0;
				PRODUCT_BUNDLE_IDENTIFIER = com.joaquinco.IOSAvanzado;
				PRODUCT_NAME = "$(TARGET_NAME)";
				SWIFT_EMIT_LOC_STRINGS = YES;
				SWIFT_VERSION = 5.0;
				TARGETED_DEVICE_FAMILY = "1,2";
			};
			name = Debug;
		};
		D23EAF4128D0FC4300AA19CA /* Release */ = {
			isa = XCBuildConfiguration;
			buildSettings = {
				ASSETCATALOG_COMPILER_APPICON_NAME = AppIcon;
				ASSETCATALOG_COMPILER_GLOBAL_ACCENT_COLOR_NAME = AccentColor;
				CODE_SIGN_STYLE = Automatic;
				CURRENT_PROJECT_VERSION = 1;
				GENERATE_INFOPLIST_FILE = YES;
				INFOPLIST_FILE = IOSAvanzado/Info.plist;
				INFOPLIST_KEY_UIApplicationSupportsIndirectInputEvents = YES;
				INFOPLIST_KEY_UILaunchStoryboardName = LaunchScreen;
				INFOPLIST_KEY_UIMainStoryboardFile = Login;
				INFOPLIST_KEY_UISupportedInterfaceOrientations_iPad = "UIInterfaceOrientationPortrait UIInterfaceOrientationPortraitUpsideDown UIInterfaceOrientationLandscapeLeft UIInterfaceOrientationLandscapeRight";
				INFOPLIST_KEY_UISupportedInterfaceOrientations_iPhone = "UIInterfaceOrientationPortrait UIInterfaceOrientationLandscapeLeft UIInterfaceOrientationLandscapeRight";
				LD_RUNPATH_SEARCH_PATHS = (
					"$(inherited)",
					"@executable_path/Frameworks",
				);
				MARKETING_VERSION = 1.0;
				PRODUCT_BUNDLE_IDENTIFIER = com.joaquinco.IOSAvanzado;
				PRODUCT_NAME = "$(TARGET_NAME)";
				SWIFT_EMIT_LOC_STRINGS = YES;
				SWIFT_VERSION = 5.0;
				TARGETED_DEVICE_FAMILY = "1,2";
			};
			name = Release;
		};
		D23EAF4328D0FC4300AA19CA /* Debug */ = {
			isa = XCBuildConfiguration;
			buildSettings = {
				ALWAYS_EMBED_SWIFT_STANDARD_LIBRARIES = YES;
				BUNDLE_LOADER = "$(TEST_HOST)";
				CODE_SIGN_STYLE = Automatic;
				CURRENT_PROJECT_VERSION = 1;
				GENERATE_INFOPLIST_FILE = YES;
				IPHONEOS_DEPLOYMENT_TARGET = 16.0;
				MARKETING_VERSION = 1.0;
				PRODUCT_BUNDLE_IDENTIFIER = com.joaquinco.IOSAvanzadoTests;
				PRODUCT_NAME = "$(TARGET_NAME)";
				SWIFT_EMIT_LOC_STRINGS = NO;
				SWIFT_VERSION = 5.0;
				TARGETED_DEVICE_FAMILY = "1,2";
				TEST_HOST = "$(BUILT_PRODUCTS_DIR)/IOSAvanzado.app/$(BUNDLE_EXECUTABLE_FOLDER_PATH)/IOSAvanzado";
			};
			name = Debug;
		};
		D23EAF4428D0FC4300AA19CA /* Release */ = {
			isa = XCBuildConfiguration;
			buildSettings = {
				ALWAYS_EMBED_SWIFT_STANDARD_LIBRARIES = YES;
				BUNDLE_LOADER = "$(TEST_HOST)";
				CODE_SIGN_STYLE = Automatic;
				CURRENT_PROJECT_VERSION = 1;
				GENERATE_INFOPLIST_FILE = YES;
				IPHONEOS_DEPLOYMENT_TARGET = 16.0;
				MARKETING_VERSION = 1.0;
				PRODUCT_BUNDLE_IDENTIFIER = com.joaquinco.IOSAvanzadoTests;
				PRODUCT_NAME = "$(TARGET_NAME)";
				SWIFT_EMIT_LOC_STRINGS = NO;
				SWIFT_VERSION = 5.0;
				TARGETED_DEVICE_FAMILY = "1,2";
				TEST_HOST = "$(BUILT_PRODUCTS_DIR)/IOSAvanzado.app/$(BUNDLE_EXECUTABLE_FOLDER_PATH)/IOSAvanzado";
			};
			name = Release;
		};
/* End XCBuildConfiguration section */

/* Begin XCConfigurationList section */
		D23EAF0D28D0FC4200AA19CA /* Build configuration list for PBXProject "IOSAvanzado" */ = {
			isa = XCConfigurationList;
			buildConfigurations = (
				D23EAF3D28D0FC4300AA19CA /* Debug */,
				D23EAF3E28D0FC4300AA19CA /* Release */,
			);
			defaultConfigurationIsVisible = 0;
			defaultConfigurationName = Release;
		};
		D23EAF3F28D0FC4300AA19CA /* Build configuration list for PBXNativeTarget "IOSAvanzado" */ = {
			isa = XCConfigurationList;
			buildConfigurations = (
				D23EAF4028D0FC4300AA19CA /* Debug */,
				D23EAF4128D0FC4300AA19CA /* Release */,
			);
			defaultConfigurationIsVisible = 0;
			defaultConfigurationName = Release;
		};
		D23EAF4228D0FC4300AA19CA /* Build configuration list for PBXNativeTarget "IOSAvanzadoTests" */ = {
			isa = XCConfigurationList;
			buildConfigurations = (
				D23EAF4328D0FC4300AA19CA /* Debug */,
				D23EAF4428D0FC4300AA19CA /* Release */,
			);
			defaultConfigurationIsVisible = 0;
			defaultConfigurationName = Release;
		};
/* End XCConfigurationList section */

/* Begin XCRemoteSwiftPackageReference section */
		D2D9910528DF258D00BC4DEC /* XCRemoteSwiftPackageReference "keychain-swift" */ = {
			isa = XCRemoteSwiftPackageReference;
			repositoryURL = "https://github.com/evgenyneu/keychain-swift.git";
			requirement = {
				branch = master;
				kind = branch;
			};
		};
/* End XCRemoteSwiftPackageReference section */

/* Begin XCSwiftPackageProductDependency section */
		D2D9910628DF258D00BC4DEC /* KeychainSwift */ = {
			isa = XCSwiftPackageProductDependency;
			package = D2D9910528DF258D00BC4DEC /* XCRemoteSwiftPackageReference "keychain-swift" */;
			productName = KeychainSwift;
		};
/* End XCSwiftPackageProductDependency section */

/* Begin XCVersionGroup section */
		D23EAF1E28D0FC4200AA19CA /* IOSAvanzado.xcdatamodeld */ = {
			isa = XCVersionGroup;
			children = (
				D23EAF1F28D0FC4200AA19CA /* IOSAvanzado.xcdatamodel */,
			);
			currentVersion = D23EAF1F28D0FC4200AA19CA /* IOSAvanzado.xcdatamodel */;
			path = IOSAvanzado.xcdatamodeld;
			sourceTree = "<group>";
			versionGroupType = wrapper.xcdatamodel;
		};
/* End XCVersionGroup section */
	};
	rootObject = D23EAF0A28D0FC4200AA19CA /* Project object */;
}
